{
  "name": "min-fetch",
  "version": "2.2.2",
  "lockfileVersion": 1,
  "requires": true,
  "dependencies": {
    "cou": {
      "version": "github:chunpu/cou#342da7f7b15a185b3f16696fd5bb28d096489db8",
      "requires": {
        "min-is": "github:chunpu/min-is#0a5bd47b136687d93b0ef63e452b0d6857f005f1"
      }
    },
    "min-is": {
      "version": "github:chunpu/min-is#0a5bd47b136687d93b0ef63e452b0d6857f005f1"
    },
    "min-util": {
      "version": "github:chunpu/min-util#fba7d239562eecff2525805218ea829a292df88e",
      "requires": {
        "cou": "github:chunpu/cou#342da7f7b15a185b3f16696fd5bb28d096489db8"
      }
    }
  }
}
